# THIS IS AN AUTOGENERATED FILE. DO NOT EDIT THIS FILE DIRECTLY.
# yarn lockfile v1


"@types/axios@^0.14.0":
  version "0.14.0"
  resolved "https://registry.yarnpkg.com/@types/axios/-/axios-0.14.0.tgz#ec2300fbe7d7dddd7eb9d3abf87999964cafce46"
  dependencies:
    axios "*"

"@types/cli-table@^0.3.0":
  version "0.3.0"
  resolved "https://registry.yarnpkg.com/@types/cli-table/-/cli-table-0.3.0.tgz#f1857156bf5fd115c6a2db260ba0be1f8fc5671c"

"@types/node@^10.3.4":
  version "10.3.4"
  resolved "https://registry.yarnpkg.com/@types/node/-/node-10.3.4.tgz#c74e8aec19e555df44609b8057311052a2c84d9e"

"@types/query-string@^6.1.0":
  version "6.1.0"
  resolved "https://registry.yarnpkg.com/@types/query-string/-/query-string-6.1.0.tgz#5f721f9503bdf517d474c66cf4423da5dd2d5698"

ajv-keywords@^3.0.0:
  version "3.2.0"
  resolved "https://registry.yarnpkg.com/ajv-keywords/-/ajv-keywords-3.2.0.tgz#e86b819c602cf8821ad637413698f1dec021847a"

ajv@^6.0.1:
  version "6.5.1"
  resolved "https://registry.yarnpkg.com/ajv/-/ajv-6.5.1.tgz#88ebc1263c7133937d108b80c5572e64e1d9322d"
  dependencies:
    fast-deep-equal "^2.0.1"
    fast-json-stable-stringify "^2.0.0"
    json-schema-traverse "^0.4.1"
    uri-js "^4.2.1"

ansi-parser@^3.2.1:
  version "3.2.8"
  resolved "https://registry.yarnpkg.com/ansi-parser/-/ansi-parser-3.2.8.tgz#ad80a6351ac5e58cc7e8a761abc037b5505041d0"

ansi-regex@^3.0.0:
  version "3.0.0"
  resolved "https://registry.yarnpkg.com/ansi-regex/-/ansi-regex-3.0.0.tgz#ed0317c322064f79466c02966bddb605ab37d998"

ansi-styles@^3.2.1:
  version "3.2.1"
  resolved "https://registry.yarnpkg.com/ansi-styles/-/ansi-styles-3.2.1.tgz#41fbb20243e50b12be0f04b8dedbf07520ce841d"
  dependencies:
    color-convert "^1.9.0"

axios@*, axios@^0.18.0:
  version "0.18.0"
  resolved "https://registry.yarnpkg.com/axios/-/axios-0.18.0.tgz#32d53e4851efdc0a11993b6cd000789d70c05102"
  dependencies:
    follow-redirects "^1.3.0"
    is-buffer "^1.1.5"

chalk@^2.1.0, chalk@^2.4.1:
  version "2.4.1"
  resolved "https://registry.yarnpkg.com/chalk/-/chalk-2.4.1.tgz#18c49ab16a037b6eb0152cc83e3471338215b66e"
  dependencies:
    ansi-styles "^3.2.1"
    escape-string-regexp "^1.0.5"
    supports-color "^5.3.0"

cli-box@^6.0.8:
  version "6.0.8"
  resolved "https://registry.yarnpkg.com/cli-box/-/cli-box-6.0.8.tgz#40218b65b29bb32c38df8055ae0c03b3a90149ef"
  dependencies:
    ansi-parser "^3.2.1"
    deffy "^2.2.1"
    is-undefined "^1.0.0"
    is-win "^1.0.0"
    ul "^5.2.1"

cli-table@^0.3.1:
  version "0.3.1"
  resolved "https://registry.yarnpkg.com/cli-table/-/cli-table-0.3.1.tgz#f53b05266a8b1a0b934b3d0821e6e2dc5914ae23"
  dependencies:
    colors "1.0.3"

color-convert@^1.9.0:
  version "1.9.2"
  resolved "https://registry.yarnpkg.com/color-convert/-/color-convert-1.9.2.tgz#49881b8fba67df12a96bdf3f56c0aab9e7913147"
  dependencies:
    color-name "1.1.1"

color-name@1.1.1:
  version "1.1.1"
  resolved "https://registry.yarnpkg.com/color-name/-/color-name-1.1.1.tgz#4b1415304cf50028ea81643643bd82ea05803689"

colors@1.0.3:
  version "1.0.3"
  resolved "https://registry.yarnpkg.com/colors/-/colors-1.0.3.tgz#0433f44d809680fdeb60ed260f1b0c262e82a40b"

debug@^3.1.0:
  version "3.1.0"
  resolved "https://registry.yarnpkg.com/debug/-/debug-3.1.0.tgz#5bb5a0672628b64149566ba16819e61518c67261"
  dependencies:
    ms "2.0.0"

decode-uri-component@^0.2.0:
  version "0.2.0"
  resolved "https://registry.yarnpkg.com/decode-uri-component/-/decode-uri-component-0.2.0.tgz#eb3913333458775cb84cd1a1fae062106bb87545"

deffy@^2.2.1, deffy@^2.2.2:
  version "2.2.2"
  resolved "https://registry.yarnpkg.com/deffy/-/deffy-2.2.2.tgz#088f40913cb47078653fa6f697c206e03471d523"
  dependencies:
    typpy "^2.0.0"

escape-string-regexp@^1.0.5:
  version "1.0.5"
  resolved "https://registry.yarnpkg.com/escape-string-regexp/-/escape-string-regexp-1.0.5.tgz#1b61c0562190a8dff6ae3bb2cf0200ca130b86d4"

fast-deep-equal@^2.0.1:
  version "2.0.1"
  resolved "https://registry.yarnpkg.com/fast-deep-equal/-/fast-deep-equal-2.0.1.tgz#7b05218ddf9667bf7f370bf7fdb2cb15fdd0aa49"

fast-json-stable-stringify@^2.0.0:
  version "2.0.0"
  resolved "https://registry.yarnpkg.com/fast-json-stable-stringify/-/fast-json-stable-stringify-2.0.0.tgz#d5142c0caee6b1189f87d3a76111064f86c8bbf2"

follow-redirects@^1.3.0:
  version "1.5.0"
  resolved "https://registry.yarnpkg.com/follow-redirects/-/follow-redirects-1.5.0.tgz#234f49cf770b7f35b40e790f636ceba0c3a0ab77"
  dependencies:
    debug "^3.1.0"

function.name@^1.0.3:
  version "1.0.10"
  resolved "https://registry.yarnpkg.com/function.name/-/function.name-1.0.10.tgz#ed00c828d98ff9a80186926fd439bdd7c16d4f0d"
  dependencies:
    noop6 "^1.0.1"

has-flag@^3.0.0:
  version "3.0.0"
  resolved "https://registry.yarnpkg.com/has-flag/-/has-flag-3.0.0.tgz#b5d454dc2199ae225699f3467e5a07f3b955bafd"

is-buffer@^1.1.5:
  version "1.1.6"
  resolved "https://registry.yarnpkg.com/is-buffer/-/is-buffer-1.1.6.tgz#efaa2ea9daa0d7ab2ea13a97b2b8ad51fefbe8be"

is-fullwidth-code-point@^2.0.0:
  version "2.0.0"
  resolved "https://registry.yarnpkg.com/is-fullwidth-code-point/-/is-fullwidth-code-point-2.0.0.tgz#a3b30a5c4f199183167aaab93beefae3ddfb654f"

is-undefined@^1.0.0:
  version "1.0.9"
  resolved "https://registry.yarnpkg.com/is-undefined/-/is-undefined-1.0.9.tgz#09a661bdef7607f29021c913f5b1c179bebca9e6"

is-win@^1.0.0:
  version "1.0.8"
  resolved "https://registry.yarnpkg.com/is-win/-/is-win-1.0.8.tgz#298e654acce43b6c2935b526c23b2651babe7d8b"

json-schema-traverse@^0.4.1:
  version "0.4.1"
  resolved "https://registry.yarnpkg.com/json-schema-traverse/-/json-schema-traverse-0.4.1.tgz#69f6a87d9513ab8bb8fe63bdb0979c448e684660"

lodash@^4.17.4:
  version "4.17.10"
  resolved "https://registry.yarnpkg.com/lodash/-/lodash-4.17.10.tgz#1b7793cf7259ea38fb3661d4d38b3260af8ae4e7"

ms@2.0.0:
  version "2.0.0"
  resolved "https://registry.yarnpkg.com/ms/-/ms-2.0.0.tgz#5608aeadfc00be6c2901df5f9861788de0d597c8"

noop6@^1.0.1:
  version "1.0.7"
  resolved "https://registry.yarnpkg.com/noop6/-/noop6-1.0.7.tgz#96767bf2058ba59ca8cb91559347ddc80239fa8e"

punycode@^2.1.0:
  version "2.1.1"
  resolved "https://registry.yarnpkg.com/punycode/-/punycode-2.1.1.tgz#b58b010ac40c22c5657616c8d2c2c02c7bf479ec"

query-string@^6.1.0:
  version "6.1.0"
  resolved "https://registry.yarnpkg.com/query-string/-/query-string-6.1.0.tgz#01e7d69f6a0940dac67a937d6c6325647aa4532a"
  dependencies:
    decode-uri-component "^0.2.0"
    strict-uri-encode "^2.0.0"

slice-ansi@1.0.0:
  version "1.0.0"
  resolved "https://registry.yarnpkg.com/slice-ansi/-/slice-ansi-1.0.0.tgz#044f1a49d8842ff307aad6b505ed178bd950134d"
  dependencies:
    is-fullwidth-code-point "^2.0.0"

strict-uri-encode@^2.0.0:
  version "2.0.0"
  resolved "https://registry.yarnpkg.com/strict-uri-encode/-/strict-uri-encode-2.0.0.tgz#b9c7330c7042862f6b142dc274bbcc5866ce3546"

string-width@^2.1.1:
  version "2.1.1"
  resolved "https://registry.yarnpkg.com/string-width/-/string-width-2.1.1.tgz#ab93f27a8dc13d28cac815c462143a6d9012ae9e"
  dependencies:
    is-fullwidth-code-point "^2.0.0"
    strip-ansi "^4.0.0"

strip-ansi@^4.0.0:
  version "4.0.0"
  resolved "https://registry.yarnpkg.com/strip-ansi/-/strip-ansi-4.0.0.tgz#a8479022eb1ac368a871389b635262c505ee368f"
  dependencies:
    ansi-regex "^3.0.0"

supports-color@^5.3.0:
  version "5.4.0"
  resolved "https://registry.yarnpkg.com/supports-color/-/supports-color-5.4.0.tgz#1c6b337402c2137605efe19f10fec390f6faab54"
  dependencies:
    has-flag "^3.0.0"

table@^4.0.3:
  version "4.0.3"
  resolved "https://registry.yarnpkg.com/table/-/table-4.0.3.tgz#00b5e2b602f1794b9acaf9ca908a76386a7813bc"
  dependencies:
    ajv "^6.0.1"
    ajv-keywords "^3.0.0"
    chalk "^2.1.0"
    lodash "^4.17.4"
    slice-ansi "1.0.0"
    string-width "^2.1.1"

typpy@^2.0.0, typpy@^2.3.4:
  version "2.3.10"
  resolved "https://registry.yarnpkg.com/typpy/-/typpy-2.3.10.tgz#63a39e4171cbbb4cdefb590009228a3de9a22b2f"
  dependencies:
    function.name "^1.0.3"

ul@^5.2.1:
  version "5.2.13"
  resolved "https://registry.yarnpkg.com/ul/-/ul-5.2.13.tgz#9ff0504ea35ca1f74c0bf59e6480def009bad7b5"
  dependencies:
    deffy "^2.2.2"
    typpy "^2.3.4"

uri-js@^4.2.1:
  version "4.2.2"
  resolved "https://registry.yarnpkg.com/uri-js/-/uri-js-4.2.2.tgz#94c540e1ff772956e2299507c010aea6c8838eb0"
  dependencies:
    punycode "^2.1.0"
